
Microsoft Visual Studio Solution File, Format Version 12.00
# Visual Studio Version 17
VisualStudioVersion = 17.3.32901.215
MinimumVisualStudioVersion = 10.0.40219.1
Project("{FAE04EC0-301F-11D3-BF4B-00C04F79EFBC}") = "Random Route new", "Random Route new.csproj", "{AC52CFCA-B96D-4986-841D-216F8AC1B4CA}"
EndProject
Global
	GlobalSection(SolutionConfigurationPlatforms) = preSolution
		Debug|Any CPU = Debug|Any CPU
		Release|Any CPU = Release|Any CPU
	EndGlobalSection
	GlobalSection(ProjectConfigurationPlatforms) = postSolution
		{AC52CFCA-B96D-4986-841D-216F8AC1B4CA}.Debug|Any CPU.ActiveCfg = Debug|Any CPU
		{AC52CFCA-B96D-4986-841D-216F8AC1B4CA}.Debug|Any CPU.Build.0 = Debug|Any CPU
		{AC52CFCA-B96D-4986-841D-216F8AC1B4CA}.Release|Any CPU.ActiveCfg = Release|Any CPU
		{AC52CFCA-B96D-4986-841D-216F8AC1B4CA}.Release|Any CPU.Build.0 = Release|Any CPU
	EndGlobalSection
	GlobalSection(SolutionProperties) = preSolution
		HideSolutionNode = FALSE
	EndGlobalSection
	GlobalSection(ExtensibilityGlobals) = postSolution
		SolutionGuid = {349041C6-EE7B-4BED-817F-86E1834B6300}
	EndGlobalSection
EndGlobal
